
Microsoft Visual Studio Solution File, Format Version 12.00
# Visual Studio Version 17
VisualStudioVersion = 17.8.34316.72
MinimumVisualStudioVersion = 10.0.40219.1
Project("{FAE04EC0-301F-11D3-BF4B-00C04F79EFBC}") = "Web_Scraper_UI", "Web_Scraper_UI.csproj", "{55130C4C-1DB0-4E1F-9063-0B7837E1B443}"
EndProject
Global
	GlobalSection(SolutionConfigurationPlatforms) = preSolution
		Debug|Any CPU = Debug|Any CPU
		Release|Any CPU = Release|Any CPU
	EndGlobalSection
	GlobalSection(ProjectConfigurationPlatforms) = postSolution
		{55130C4C-1DB0-4E1F-9063-0B7837E1B443}.Debug|Any CPU.ActiveCfg = Debug|Any CPU
		{55130C4C-1DB0-4E1F-9063-0B7837E1B443}.Debug|Any CPU.Build.0 = Debug|Any CPU
		{55130C4C-1DB0-4E1F-9063-0B7837E1B443}.Release|Any CPU.ActiveCfg = Release|Any CPU
		{55130C4C-1DB0-4E1F-9063-0B7837E1B443}.Release|Any CPU.Build.0 = Release|Any CPU
	EndGlobalSection
	GlobalSection(SolutionProperties) = preSolution
		HideSolutionNode = FALSE
	EndGlobalSection
	GlobalSection(ExtensibilityGlobals) = postSolution
		SolutionGuid = {8A4E6C5F-A14F-4B94-B455-EECC6D3CA426}
	EndGlobalSection
EndGlobal
